
Microsoft Visual Studio Solution File, Format Version 12.00
# Visual Studio Version 17
VisualStudioVersion = 17.8.34330.188
MinimumVisualStudioVersion = 10.0.40219.1
Project("{FAE04EC0-301F-11D3-BF4B-00C04F79EFBC}") = "AspIntro-MVC", "AspIntro-MVC\AspIntro-MVC.csproj", "{F58E0294-6AF1-4217-B12A-846856793EC9}"
EndProject
Global
	GlobalSection(SolutionConfigurationPlatforms) = preSolution
		Debug|Any CPU = Debug|Any CPU
		Release|Any CPU = Release|Any CPU
	EndGlobalSection
	GlobalSection(ProjectConfigurationPlatforms) = postSolution
		{F58E0294-6AF1-4217-B12A-846856793EC9}.Debug|Any CPU.ActiveCfg = Debug|Any CPU
		{F58E0294-6AF1-4217-B12A-846856793EC9}.Debug|Any CPU.Build.0 = Debug|Any CPU
		{F58E0294-6AF1-4217-B12A-846856793EC9}.Release|Any CPU.ActiveCfg = Release|Any CPU
		{F58E0294-6AF1-4217-B12A-846856793EC9}.Release|Any CPU.Build.0 = Release|Any CPU
	EndGlobalSection
	GlobalSection(SolutionProperties) = preSolution
		HideSolutionNode = FALSE
	EndGlobalSection
	GlobalSection(ExtensibilityGlobals) = postSolution
		SolutionGuid = {0F093A6A-97BC-4BE6-ABDD-E5CBDE44EC58}
	EndGlobalSection
EndGlobal
